// !$*UTF8*$!
{
	archiveVersion = 1;
	classes = {
	};
	objectVersion = 56;
	objects = {

/* Begin PBXBuildFile section */
		4AC585B829F97616005520F9 /* NewTaskView.swift in Sources */ = {isa = PBXBuildFile; fileRef = 4AC585B729F97616005520F9 /* NewTaskView.swift */; };
		4ADE57CC29EF30C400CF9DE0 /* TaskManagementCoreDataSwiftUIApp.swift in Sources */ = {isa = PBXBuildFile; fileRef = 4ADE57CB29EF30C400CF9DE0 /* TaskManagementCoreDataSwiftUIApp.swift */; };
		4ADE57CE29EF30C400CF9DE0 /* Persistence.swift in Sources */ = {isa = PBXBuildFile; fileRef = 4ADE57CD29EF30C400CF9DE0 /* Persistence.swift */; };
		4ADE57D129EF30C400CF9DE0 /* TaskManagementCoreDataSwiftUI.xcdatamodeld in Sources */ = {isa = PBXBuildFile; fileRef = 4ADE57CF29EF30C400CF9DE0 /* TaskManagementCoreDataSwiftUI.xcdatamodeld */; };
		4ADE57D329EF30C400CF9DE0 /* ContentView.swift in Sources */ = {isa = PBXBuildFile; fileRef = 4ADE57D229EF30C400CF9DE0 /* ContentView.swift */; };
		4ADE57D529EF30C500CF9DE0 /* Assets.xcassets in Resources */ = {isa = PBXBuildFile; fileRef = 4ADE57D429EF30C500CF9DE0 /* Assets.xcassets */; };
		4ADE57D929EF30C500CF9DE0 /* Preview Assets.xcassets in Resources */ = {isa = PBXBuildFile; fileRef = 4ADE57D829EF30C500CF9DE0 /* Preview Assets.xcassets */; };
		4ADE57E329EF30C600CF9DE0 /* TaskManagementCoreDataSwiftUITests.swift in Sources */ = {isa = PBXBuildFile; fileRef = 4ADE57E229EF30C600CF9DE0 /* TaskManagementCoreDataSwiftUITests.swift */; };
		4ADE57ED29EF30C600CF9DE0 /* TaskManagementCoreDataSwiftUIUITests.swift in Sources */ = {isa = PBXBuildFile; fileRef = 4ADE57EC29EF30C600CF9DE0 /* TaskManagementCoreDataSwiftUIUITests.swift */; };
		4ADE57EF29EF30C600CF9DE0 /* TaskManagementCoreDataSwiftUIUITestsLaunchTests.swift in Sources */ = {isa = PBXBuildFile; fileRef = 4ADE57EE29EF30C600CF9DE0 /* TaskManagementCoreDataSwiftUIUITestsLaunchTests.swift */; };
		4ADE580129F1130000CF9DE0 /* TaskViewModel.swift in Sources */ = {isa = PBXBuildFile; fileRef = 4ADE580029F1130000CF9DE0 /* TaskViewModel.swift */; };
		4ADE580329F1143200CF9DE0 /* HomeView.swift in Sources */ = {isa = PBXBuildFile; fileRef = 4ADE580229F1143200CF9DE0 /* HomeView.swift */; };
		4ADE580529F95B3C00CF9DE0 /* DynamicFilteredView.swift in Sources */ = {isa = PBXBuildFile; fileRef = 4ADE580429F95B3C00CF9DE0 /* DynamicFilteredView.swift */; };
/* End PBXBuildFile section */

/* Begin PBXContainerItemProxy section */
		4ADE57DF29EF30C600CF9DE0 /* PBXContainerItemProxy */ = {
			isa = PBXContainerItemProxy;
			containerPortal = 4ADE57C029EF30C400CF9DE0 /* Project object */;
			proxyType = 1;
			remoteGlobalIDString = 4ADE57C729EF30C400CF9DE0;
			remoteInfo = TaskManagementCoreDataSwiftUI;
		};
		4ADE57E929EF30C600CF9DE0 /* PBXContainerItemProxy */ = {
			isa = PBXContainerItemProxy;
			containerPortal = 4ADE57C029EF30C400CF9DE0 /* Project object */;
			proxyType = 1;
			remoteGlobalIDString = 4ADE57C729EF30C400CF9DE0;
			remoteInfo = TaskManagementCoreDataSwiftUI;
		};
/* End PBXContainerItemProxy section */

/* Begin PBXFileReference section */
		4AC585B729F97616005520F9 /* NewTaskView.swift */ = {isa = PBXFileReference; lastKnownFileType = sourcecode.swift; path = NewTaskView.swift; sourceTree = "<group>"; };
		4ADE57C829EF30C400CF9DE0 /* TaskManagementCoreDataSwiftUI.app */ = {isa = PBXFileReference; explicitFileType = wrapper.application; includeInIndex = 0; path = TaskManagementCoreDataSwiftUI.app; sourceTree = BUILT_PRODUCTS_DIR; };
		4ADE57CB29EF30C400CF9DE0 /* TaskManagementCoreDataSwiftUIApp.swift */ = {isa = PBXFileReference; lastKnownFileType = sourcecode.swift; path = TaskManagementCoreDataSwiftUIApp.swift; sourceTree = "<group>"; };
		4ADE57CD29EF30C400CF9DE0 /* Persistence.swift */ = {isa = PBXFileReference; lastKnownFileType = sourcecode.swift; path = Persistence.swift; sourceTree = "<group>"; };
		4ADE57D029EF30C400CF9DE0 /* TaskManagementCoreDataSwiftUI.xcdatamodel */ = {isa = PBXFileReference; lastKnownFileType = wrapper.xcdatamodel; path = TaskManagementCoreDataSwiftUI.xcdatamodel; sourceTree = "<group>"; };
		4ADE57D229EF30C400CF9DE0 /* ContentView.swift */ = {isa = PBXFileReference; lastKnownFileType = sourcecode.swift; path = ContentView.swift; sourceTree = "<group>"; };
		4ADE57D429EF30C500CF9DE0 /* Assets.xcassets */ = {isa = PBXFileReference; lastKnownFileType = folder.assetcatalog; path = Assets.xcassets; sourceTree = "<group>"; };
		4ADE57D629EF30C500CF9DE0 /* TaskManagementCoreDataSwiftUI.entitlements */ = {isa = PBXFileReference; lastKnownFileType = text.plist.entitlements; path = TaskManagementCoreDataSwiftUI.entitlements; sourceTree = "<group>"; };
		4ADE57D829EF30C500CF9DE0 /* Preview Assets.xcassets */ = {isa = PBXFileReference; lastKnownFileType = folder.assetcatalog; path = "Preview Assets.xcassets"; sourceTree = "<group>"; };
		4ADE57DE29EF30C600CF9DE0 /* TaskManagementCoreDataSwiftUITests.xctest */ = {isa = PBXFileReference; explicitFileType = wrapper.cfbundle; includeInIndex = 0; path = TaskManagementCoreDataSwiftUITests.xctest; sourceTree = BUILT_PRODUCTS_DIR; };
		4ADE57E229EF30C600CF9DE0 /* TaskManagementCoreDataSwiftUITests.swift */ = {isa = PBXFileReference; lastKnownFileType = sourcecode.swift; path = TaskManagementCoreDataSwiftUITests.swift; sourceTree = "<group>"; };
		4ADE57E829EF30C600CF9DE0 /* TaskManagementCoreDataSwiftUIUITests.xctest */ = {isa = PBXFileReference; explicitFileType = wrapper.cfbundle; includeInIndex = 0; path = TaskManagementCoreDataSwiftUIUITests.xctest; sourceTree = BUILT_PRODUCTS_DIR; };
		4ADE57EC29EF30C600CF9DE0 /* TaskManagementCoreDataSwiftUIUITests.swift */ = {isa = PBXFileReference; lastKnownFileType = sourcecode.swift; path = TaskManagementCoreDataSwiftUIUITests.swift; sourceTree = "<group>"; };
		4ADE57EE29EF30C600CF9DE0 /* TaskManagementCoreDataSwiftUIUITestsLaunchTests.swift */ = {isa = PBXFileReference; lastKnownFileType = sourcecode.swift; path = TaskManagementCoreDataSwiftUIUITestsLaunchTests.swift; sourceTree = "<group>"; };
		4ADE580029F1130000CF9DE0 /* TaskViewModel.swift */ = {isa = PBXFileReference; lastKnownFileType = sourcecode.swift; path = TaskViewModel.swift; sourceTree = "<group>"; };
		4ADE580229F1143200CF9DE0 /* HomeView.swift */ = {isa = PBXFileReference; lastKnownFileType = sourcecode.swift; path = HomeView.swift; sourceTree = "<group>"; };
		4ADE580429F95B3C00CF9DE0 /* DynamicFilteredView.swift */ = {isa = PBXFileReference; lastKnownFileType = sourcecode.swift; path = DynamicFilteredView.swift; sourceTree = "<group>"; };
/* End PBXFileReference section */

/* Begin PBXFrameworksBuildPhase section */
		4ADE57C529EF30C400CF9DE0 /* Frameworks */ = {
			isa = PBXFrameworksBuildPhase;
			buildActionMask = 2147483647;
			files = (
			);
			runOnlyForDeploymentPostprocessing = 0;
		};
		4ADE57DB29EF30C600CF9DE0 /* Frameworks */ = {
			isa = PBXFrameworksBuildPhase;
			buildActionMask = 2147483647;
			files = (
			);
			runOnlyForDeploymentPostprocessing = 0;
		};
		4ADE57E529EF30C600CF9DE0 /* Frameworks */ = {
			isa = PBXFrameworksBuildPhase;
			buildActionMask = 2147483647;
			files = (
			);
			runOnlyForDeploymentPostprocessing = 0;
		};
/* End PBXFrameworksBuildPhase section */

/* Begin PBXGroup section */
		4ADE57BF29EF30C400CF9DE0 = {
			isa = PBXGroup;
			children = (
				4ADE57CA29EF30C400CF9DE0 /* TaskManagementCoreDataSwiftUI */,
				4ADE57E129EF30C600CF9DE0 /* TaskManagementCoreDataSwiftUITests */,
				4ADE57EB29EF30C600CF9DE0 /* TaskManagementCoreDataSwiftUIUITests */,
				4ADE57C929EF30C400CF9DE0 /* Products */,
			);
			sourceTree = "<group>";
		};
		4ADE57C929EF30C400CF9DE0 /* Products */ = {
			isa = PBXGroup;
			children = (
				4ADE57C829EF30C400CF9DE0 /* TaskManagementCoreDataSwiftUI.app */,
				4ADE57DE29EF30C600CF9DE0 /* TaskManagementCoreDataSwiftUITests.xctest */,
				4ADE57E829EF30C600CF9DE0 /* TaskManagementCoreDataSwiftUIUITests.xctest */,
			);
			name = Products;
			sourceTree = "<group>";
		};
		4ADE57CA29EF30C400CF9DE0 /* TaskManagementCoreDataSwiftUI */ = {
			isa = PBXGroup;
			children = (
				4ADE57FF29F112E600CF9DE0 /* ViewModel */,
				4ADE57FC29F1125000CF9DE0 /* Model */,
				4ADE57FB29F1124B00CF9DE0 /* View */,
				4ADE57CB29EF30C400CF9DE0 /* TaskManagementCoreDataSwiftUIApp.swift */,
				4ADE57CD29EF30C400CF9DE0 /* Persistence.swift */,
				4ADE57D229EF30C400CF9DE0 /* ContentView.swift */,
				4ADE57D429EF30C500CF9DE0 /* Assets.xcassets */,
				4ADE57D629EF30C500CF9DE0 /* TaskManagementCoreDataSwiftUI.entitlements */,
				4ADE57CF29EF30C400CF9DE0 /* TaskManagementCoreDataSwiftUI.xcdatamodeld */,
				4ADE57D729EF30C500CF9DE0 /* Preview Content */,
			);
			path = TaskManagementCoreDataSwiftUI;
			sourceTree = "<group>";
		};
		4ADE57D729EF30C500CF9DE0 /* Preview Content */ = {
			isa = PBXGroup;
			children = (
				4ADE57D829EF30C500CF9DE0 /* Preview Assets.xcassets */,
			);
			path = "Preview Content";
			sourceTree = "<group>";
		};
		4ADE57E129EF30C600CF9DE0 /* TaskManagementCoreDataSwiftUITests */ = {
			isa = PBXGroup;
			children = (
				4ADE57E229EF30C600CF9DE0 /* TaskManagementCoreDataSwiftUITests.swift */,
			);
			path = TaskManagementCoreDataSwiftUITests;
			sourceTree = "<group>";
		};
		4ADE57EB29EF30C600CF9DE0 /* TaskManagementCoreDataSwiftUIUITests */ = {
			isa = PBXGroup;
			children = (
				4ADE57EC29EF30C600CF9DE0 /* TaskManagementCoreDataSwiftUIUITests.swift */,
				4ADE57EE29EF30C600CF9DE0 /* TaskManagementCoreDataSwiftUIUITestsLaunchTests.swift */,
			);
			path = TaskManagementCoreDataSwiftUIUITests;
			sourceTree = "<group>";
		};
		4ADE57FB29F1124B00CF9DE0 /* View */ = {
			isa = PBXGroup;
			children = (
				4ADE580229F1143200CF9DE0 /* HomeView.swift */,
				4ADE580429F95B3C00CF9DE0 /* DynamicFilteredView.swift */,
				4AC585B729F97616005520F9 /* NewTaskView.swift */,
			);
			path = View;
			sourceTree = "<group>";
		};
		4ADE57FC29F1125000CF9DE0 /* Model */ = {
			isa = PBXGroup;
			children = (
			);
			path = Model;
			sourceTree = "<group>";
		};
		4ADE57FF29F112E600CF9DE0 /* ViewModel */ = {
			isa = PBXGroup;
			children = (
				4ADE580029F1130000CF9DE0 /* TaskViewModel.swift */,
			);
			path = ViewModel;
			sourceTree = "<group>";
		};
/* End PBXGroup section */

/* Begin PBXNativeTarget section */
		4ADE57C729EF30C400CF9DE0 /* TaskManagementCoreDataSwiftUI */ = {
			isa = PBXNativeTarget;
			buildConfigurationList = 4ADE57F229EF30C600CF9DE0 /* Build configuration list for PBXNativeTarget "TaskManagementCoreDataSwiftUI" */;
			buildPhases = (
				4ADE57C429EF30C400CF9DE0 /* Sources */,
				4ADE57C529EF30C400CF9DE0 /* Frameworks */,
				4ADE57C629EF30C400CF9DE0 /* Resources */,
			);
			buildRules = (
			);
			dependencies = (
			);
			name = TaskManagementCoreDataSwiftUI;
			productName = TaskManagementCoreDataSwiftUI;
			productReference = 4ADE57C829EF30C400CF9DE0 /* TaskManagementCoreDataSwiftUI.app */;
			productType = "com.apple.product-type.application";
		};
		4ADE57DD29EF30C600CF9DE0 /* TaskManagementCoreDataSwiftUITests */ = {
			isa = PBXNativeTarget;
			buildConfigurationList = 4ADE57F529EF30C600CF9DE0 /* Build configuration list for PBXNativeTarget "TaskManagementCoreDataSwiftUITests" */;
			buildPhases = (
				4ADE57DA29EF30C600CF9DE0 /* Sources */,
				4ADE57DB29EF30C600CF9DE0 /* Frameworks */,
				4ADE57DC29EF30C600CF9DE0 /* Resources */,
			);
			buildRules = (
			);
			dependencies = (
				4ADE57E029EF30C600CF9DE0 /* PBXTargetDependency */,
			);
			name = TaskManagementCoreDataSwiftUITests;
			productName = TaskManagementCoreDataSwiftUITests;
			productReference = 4ADE57DE29EF30C600CF9DE0 /* TaskManagementCoreDataSwiftUITests.xctest */;
			productType = "com.apple.product-type.bundle.unit-test";
		};
		4ADE57E729EF30C600CF9DE0 /* TaskManagementCoreDataSwiftUIUITests */ = {
			isa = PBXNativeTarget;
			buildConfigurationList = 4ADE57F829EF30C600CF9DE0 /* Build configuration list for PBXNativeTarget "TaskManagementCoreDataSwiftUIUITests" */;
			buildPhases = (
				4ADE57E429EF30C600CF9DE0 /* Sources */,
				4ADE57E529EF30C600CF9DE0 /* Frameworks */,
				4ADE57E629EF30C600CF9DE0 /* Resources */,
			);
			buildRules = (
			);
			dependencies = (
				4ADE57EA29EF30C600CF9DE0 /* PBXTargetDependency */,
			);
			name = TaskManagementCoreDataSwiftUIUITests;
			productName = TaskManagementCoreDataSwiftUIUITests;
			productReference = 4ADE57E829EF30C600CF9DE0 /* TaskManagementCoreDataSwiftUIUITests.xctest */;
			productType = "com.apple.product-type.bundle.ui-testing";
		};
/* End PBXNativeTarget section */

/* Begin PBXProject section */
		4ADE57C029EF30C400CF9DE0 /* Project object */ = {
			isa = PBXProject;
			attributes = {
				BuildIndependentTargetsInParallel = 1;
				LastSwiftUpdateCheck = 1430;
				LastUpgradeCheck = 1430;
				TargetAttributes = {
					4ADE57C729EF30C400CF9DE0 = {
						CreatedOnToolsVersion = 14.3;
					};
					4ADE57DD29EF30C600CF9DE0 = {
						CreatedOnToolsVersion = 14.3;
						TestTargetID = 4ADE57C729EF30C400CF9DE0;
					};
					4ADE57E729EF30C600CF9DE0 = {
						CreatedOnToolsVersion = 14.3;
						TestTargetID = 4ADE57C729EF30C400CF9DE0;
					};
				};
			};
			buildConfigurationList = 4ADE57C329EF30C400CF9DE0 /* Build configuration list for PBXProject "TaskManagementCoreDataSwiftUI" */;
			compatibilityVersion = "Xcode 14.0";
			developmentRegion = en;
			hasScannedForEncodings = 0;
			knownRegions = (
				en,
				Base,
			);
			mainGroup = 4ADE57BF29EF30C400CF9DE0;
			productRefGroup = 4ADE57C929EF30C400CF9DE0 /* Products */;
			projectDirPath = "";
			projectRoot = "";
			targets = (
				4ADE57C729EF30C400CF9DE0 /* TaskManagementCoreDataSwiftUI */,
				4ADE57DD29EF30C600CF9DE0 /* TaskManagementCoreDataSwiftUITests */,
				4ADE57E729EF30C600CF9DE0 /* TaskManagementCoreDataSwiftUIUITests */,
			);
		};
/* End PBXProject section */

/* Begin PBXResourcesBuildPhase section */
		4ADE57C629EF30C400CF9DE0 /* Resources */ = {
			isa = PBXResourcesBuildPhase;
			buildActionMask = 2147483647;
			files = (
				4ADE57D929EF30C500CF9DE0 /* Preview Assets.xcassets in Resources */,
				4ADE57D529EF30C500CF9DE0 /* Assets.xcassets in Resources */,
			);
			runOnlyForDeploymentPostprocessing = 0;
		};
		4ADE57DC29EF30C600CF9DE0 /* Resources */ = {
			isa = PBXResourcesBuildPhase;
			buildActionMask = 2147483647;
			files = (
			);
			runOnlyForDeploymentPostprocessing = 0;
		};
		4ADE57E629EF30C600CF9DE0 /* Resources */ = {
			isa = PBXResourcesBuildPhase;
			buildActionMask = 2147483647;
			files = (
			);
			runOnlyForDeploymentPostprocessing = 0;
		};
/* End PBXResourcesBuildPhase section */

/* Begin PBXSourcesBuildPhase section */
		4ADE57C429EF30C400CF9DE0 /* Sources */ = {
			isa = PBXSourcesBuildPhase;
			buildActionMask = 2147483647;
			files = (
				4ADE57CC29EF30C400CF9DE0 /* TaskManagementCoreDataSwiftUIApp.swift in Sources */,
				4ADE580529F95B3C00CF9DE0 /* DynamicFilteredView.swift in Sources */,
				4ADE580329F1143200CF9DE0 /* HomeView.swift in Sources */,
				4ADE580129F1130000CF9DE0 /* TaskViewModel.swift in Sources */,
				4AC585B829F97616005520F9 /* NewTaskView.swift in Sources */,
				4ADE57D129EF30C400CF9DE0 /* TaskManagementCoreDataSwiftUI.xcdatamodeld in Sources */,
				4ADE57D329EF30C400CF9DE0 /* ContentView.swift in Sources */,
				4ADE57CE29EF30C400CF9DE0 /* Persistence.swift in Sources */,
			);
			runOnlyForDeploymentPostprocessing = 0;
		};
		4ADE57DA29EF30C600CF9DE0 /* Sources */ = {
			isa = PBXSourcesBuildPhase;
			buildActionMask = 2147483647;
			files = (
				4ADE57E329EF30C600CF9DE0 /* TaskManagementCoreDataSwiftUITests.swift in Sources */,
			);
			runOnlyForDeploymentPostprocessing = 0;
		};
		4ADE57E429EF30C600CF9DE0 /* Sources */ = {
			isa = PBXSourcesBuildPhase;
			buildActionMask = 2147483647;
			files = (
				4ADE57ED29EF30C600CF9DE0 /* TaskManagementCoreDataSwiftUIUITests.swift in Sources */,
				4ADE57EF29EF30C600CF9DE0 /* TaskManagementCoreDataSwiftUIUITestsLaunchTests.swift in Sources */,
			);
			runOnlyForDeploymentPostprocessing = 0;
		};
/* End PBXSourcesBuildPhase section */

/* Begin PBXTargetDependency section */
		4ADE57E029EF30C600CF9DE0 /* PBXTargetDependency */ = {
			isa = PBXTargetDependency;
			target = 4ADE57C729EF30C400CF9DE0 /* TaskManagementCoreDataSwiftUI */;
			targetProxy = 4ADE57DF29EF30C600CF9DE0 /* PBXContainerItemProxy */;
		};
		4ADE57EA29EF30C600CF9DE0 /* PBXTargetDependency */ = {
			isa = PBXTargetDependency;
			target = 4ADE57C729EF30C400CF9DE0 /* TaskManagementCoreDataSwiftUI */;
			targetProxy = 4ADE57E929EF30C600CF9DE0 /* PBXContainerItemProxy */;
		};
/* End PBXTargetDependency section */

/* Begin XCBuildConfiguration section */
		4ADE57F029EF30C600CF9DE0 /* Debug */ = {
			isa = XCBuildConfiguration;
			buildSettings = {
				ALWAYS_SEARCH_USER_PATHS = NO;
				CLANG_ANALYZER_NONNULL = YES;
				CLANG_ANALYZER_NUMBER_OBJECT_CONVERSION = YES_AGGRESSIVE;
				CLANG_CXX_LANGUAGE_STANDARD = "gnu++20";
				CLANG_ENABLE_MODULES = YES;
				CLANG_ENABLE_OBJC_ARC = YES;
				CLANG_ENABLE_OBJC_WEAK = YES;
				CLANG_WARN_BLOCK_CAPTURE_AUTORELEASING = YES;
				CLANG_WARN_BOOL_CONVERSION = YES;
				CLANG_WARN_COMMA = YES;
				CLANG_WARN_CONSTANT_CONVERSION = YES;
				CLANG_WARN_DEPRECATED_OBJC_IMPLEMENTATIONS = YES;
				CLANG_WARN_DIRECT_OBJC_ISA_USAGE = YES_ERROR;
				CLANG_WARN_DOCUMENTATION_COMMENTS = YES;
				CLANG_WARN_EMPTY_BODY = YES;
				CLANG_WARN_ENUM_CONVERSION = YES;
				CLANG_WARN_INFINITE_RECURSION = YES;
				CLANG_WARN_INT_CONVERSION = YES;
				CLANG_WARN_NON_LITERAL_NULL_CONVERSION = YES;
				CLANG_WARN_OBJC_IMPLICIT_RETAIN_SELF = YES;
				CLANG_WARN_OBJC_LITERAL_CONVERSION = YES;
				CLANG_WARN_OBJC_ROOT_CLASS = YES_ERROR;
				CLANG_WARN_QUOTED_INCLUDE_IN_FRAMEWORK_HEADER = YES;
				CLANG_WARN_RANGE_LOOP_ANALYSIS = YES;
				CLANG_WARN_STRICT_PROTOTYPES = YES;
				CLANG_WARN_SUSPICIOUS_MOVE = YES;
				CLANG_WARN_UNGUARDED_AVAILABILITY = YES_AGGRESSIVE;
				CLANG_WARN_UNREACHABLE_CODE = YES;
				CLANG_WARN__DUPLICATE_METHOD_MATCH = YES;
				COPY_PHASE_STRIP = NO;
				DEBUG_INFORMATION_FORMAT = dwarf;
				ENABLE_STRICT_OBJC_MSGSEND = YES;
				ENABLE_TESTABILITY = YES;
				GCC_C_LANGUAGE_STANDARD = gnu11;
				GCC_DYNAMIC_NO_PIC = NO;
				GCC_NO_COMMON_BLOCKS = YES;
				GCC_OPTIMIZATION_LEVEL = 0;
				GCC_PREPROCESSOR_DEFINITIONS = (
					"DEBUG=1",
					"$(inherited)",
				);
				GCC_WARN_64_TO_32_BIT_CONVERSION = YES;
				GCC_WARN_ABOUT_RETURN_TYPE = YES_ERROR;
				GCC_WARN_UNDECLARED_SELECTOR = YES;
				GCC_WARN_UNINITIALIZED_AUTOS = YES_AGGRESSIVE;
				GCC_WARN_UNUSED_FUNCTION = YES;
				GCC_WARN_UNUSED_VARIABLE = YES;
				MTL_ENABLE_DEBUG_INFO = INCLUDE_SOURCE;
				MTL_FAST_MATH = YES;
				ONLY_ACTIVE_ARCH = YES;
				SWIFT_ACTIVE_COMPILATION_CONDITIONS = DEBUG;
				SWIFT_OPTIMIZATION_LEVEL = "-Onone";
			};
			name = Debug;
		};
		4ADE57F129EF30C600CF9DE0 /* Release */ = {
			isa = XCBuildConfiguration;
			buildSettings = {
				ALWAYS_SEARCH_USER_PATHS = NO;
				CLANG_ANALYZER_NONNULL = YES;
				CLANG_ANALYZER_NUMBER_OBJECT_CONVERSION = YES_AGGRESSIVE;
				CLANG_CXX_LANGUAGE_STANDARD = "gnu++20";
				CLANG_ENABLE_MODULES = YES;
				CLANG_ENABLE_OBJC_ARC = YES;
				CLANG_ENABLE_OBJC_WEAK = YES;
				CLANG_WARN_BLOCK_CAPTURE_AUTORELEASING = YES;
				CLANG_WARN_BOOL_CONVERSION = YES;
				CLANG_WARN_COMMA = YES;
				CLANG_WARN_CONSTANT_CONVERSION = YES;
				CLANG_WARN_DEPRECATED_OBJC_IMPLEMENTATIONS = YES;
				CLANG_WARN_DIRECT_OBJC_ISA_USAGE = YES_ERROR;
				CLANG_WARN_DOCUMENTATION_COMMENTS = YES;
				CLANG_WARN_EMPTY_BODY = YES;
				CLANG_WARN_ENUM_CONVERSION = YES;
				CLANG_WARN_INFINITE_RECURSION = YES;
				CLANG_WARN_INT_CONVERSION = YES;
				CLANG_WARN_NON_LITERAL_NULL_CONVERSION = YES;
				CLANG_WARN_OBJC_IMPLICIT_RETAIN_SELF = YES;
				CLANG_WARN_OBJC_LITERAL_CONVERSION = YES;
				CLANG_WARN_OBJC_ROOT_CLASS = YES_ERROR;
				CLANG_WARN_QUOTED_INCLUDE_IN_FRAMEWORK_HEADER = YES;
				CLANG_WARN_RANGE_LOOP_ANALYSIS = YES;
				CLANG_WARN_STRICT_PROTOTYPES = YES;
				CLANG_WARN_SUSPICIOUS_MOVE = YES;
				CLANG_WARN_UNGUARDED_AVAILABILITY = YES_AGGRESSIVE;
				CLANG_WARN_UNREACHABLE_CODE = YES;
				CLANG_WARN__DUPLICATE_METHOD_MATCH = YES;
				COPY_PHASE_STRIP = NO;
				DEBUG_INFORMATION_FORMAT = "dwarf-with-dsym";
				ENABLE_NS_ASSERTIONS = NO;
				ENABLE_STRICT_OBJC_MSGSEND = YES;
				GCC_C_LANGUAGE_STANDARD = gnu11;
				GCC_NO_COMMON_BLOCKS = YES;
				GCC_WARN_64_TO_32_BIT_CONVERSION = YES;
				GCC_WARN_ABOUT_RETURN_TYPE = YES_ERROR;
				GCC_WARN_UNDECLARED_SELECTOR = YES;
				GCC_WARN_UNINITIALIZED_AUTOS = YES_AGGRESSIVE;
				GCC_WARN_UNUSED_FUNCTION = YES;
				GCC_WARN_UNUSED_VARIABLE = YES;
				MTL_ENABLE_DEBUG_INFO = NO;
				MTL_FAST_MATH = YES;
				SWIFT_COMPILATION_MODE = wholemodule;
				SWIFT_OPTIMIZATION_LEVEL = "-O";
			};
			name = Release;
		};
		4ADE57F329EF30C600CF9DE0 /* Debug */ = {
			isa = XCBuildConfiguration;
			buildSettings = {
				ASSETCATALOG_COMPILER_APPICON_NAME = AppIcon;
				ASSETCATALOG_COMPILER_GLOBAL_ACCENT_COLOR_NAME = AccentColor;
				CODE_SIGN_ENTITLEMENTS = TaskManagementCoreDataSwiftUI/TaskManagementCoreDataSwiftUI.entitlements;
				CODE_SIGN_STYLE = Automatic;
				CURRENT_PROJECT_VERSION = 1;
				DEVELOPMENT_ASSET_PATHS = "\"TaskManagementCoreDataSwiftUI/Preview Content\"";
				ENABLE_PREVIEWS = YES;
				GENERATE_INFOPLIST_FILE = YES;
				"INFOPLIST_KEY_UIApplicationSceneManifest_Generation[sdk=iphoneos*]" = YES;
				"INFOPLIST_KEY_UIApplicationSceneManifest_Generation[sdk=iphonesimulator*]" = YES;
				"INFOPLIST_KEY_UIApplicationSupportsIndirectInputEvents[sdk=iphoneos*]" = YES;
				"INFOPLIST_KEY_UIApplicationSupportsIndirectInputEvents[sdk=iphonesimulator*]" = YES;
				"INFOPLIST_KEY_UILaunchScreen_Generation[sdk=iphoneos*]" = YES;
				"INFOPLIST_KEY_UILaunchScreen_Generation[sdk=iphonesimulator*]" = YES;
				"INFOPLIST_KEY_UIStatusBarStyle[sdk=iphoneos*]" = UIStatusBarStyleDefault;
				"INFOPLIST_KEY_UIStatusBarStyle[sdk=iphonesimulator*]" = UIStatusBarStyleDefault;
				INFOPLIST_KEY_UISupportedInterfaceOrientations_iPad = "UIInterfaceOrientationPortrait UIInterfaceOrientationPortraitUpsideDown UIInterfaceOrientationLandscapeLeft UIInterfaceOrientationLandscapeRight";
				INFOPLIST_KEY_UISupportedInterfaceOrientations_iPhone = "UIInterfaceOrientationPortrait UIInterfaceOrientationLandscapeLeft UIInterfaceOrientationLandscapeRight";
				IPHONEOS_DEPLOYMENT_TARGET = 16.4;
				LD_RUNPATH_SEARCH_PATHS = "@executable_path/Frameworks";
				"LD_RUNPATH_SEARCH_PATHS[sdk=macosx*]" = "@executable_path/../Frameworks";
				MACOSX_DEPLOYMENT_TARGET = 13.3;
				MARKETING_VERSION = 1.0;
				PRODUCT_BUNDLE_IDENTIFIER = com.yetsdmr.TaskManagementCoreDataSwiftUI;
				PRODUCT_NAME = "$(TARGET_NAME)";
				SDKROOT = auto;
				SUPPORTED_PLATFORMS = "iphoneos iphonesimulator macosx";
				SWIFT_EMIT_LOC_STRINGS = YES;
				SWIFT_VERSION = 5.0;
				TARGETED_DEVICE_FAMILY = "1,2";
			};
			name = Debug;
		};
		4ADE57F429EF30C600CF9DE0 /* Release */ = {
			isa = XCBuildConfiguration;
			buildSettings = {
				ASSETCATALOG_COMPILER_APPICON_NAME = AppIcon;
				ASSETCATALOG_COMPILER_GLOBAL_ACCENT_COLOR_NAME = AccentColor;
				CODE_SIGN_ENTITLEMENTS = TaskManagementCoreDataSwiftUI/TaskManagementCoreDataSwiftUI.entitlements;
				CODE_SIGN_STYLE = Automatic;
				CURRENT_PROJECT_VERSION = 1;
				DEVELOPMENT_ASSET_PATHS = "\"TaskManagementCoreDataSwiftUI/Preview Content\"";
				ENABLE_PREVIEWS = YES;
				GENERATE_INFOPLIST_FILE = YES;
				"INFOPLIST_KEY_UIApplicationSceneManifest_Generation[sdk=iphoneos*]" = YES;
				"INFOPLIST_KEY_UIApplicationSceneManifest_Generation[sdk=iphonesimulator*]" = YES;
				"INFOPLIST_KEY_UIApplicationSupportsIndirectInputEvents[sdk=iphoneos*]" = YES;
				"INFOPLIST_KEY_UIApplicationSupportsIndirectInputEvents[sdk=iphonesimulator*]" = YES;
				"INFOPLIST_KEY_UILaunchScreen_Generation[sdk=iphoneos*]" = YES;
				"INFOPLIST_KEY_UILaunchScreen_Generation[sdk=iphonesimulator*]" = YES;
				"INFOPLIST_KEY_UIStatusBarStyle[sdk=iphoneos*]" = UIStatusBarStyleDefault;
				"INFOPLIST_KEY_UIStatusBarStyle[sdk=iphonesimulator*]" = UIStatusBarStyleDefault;
				INFOPLIST_KEY_UISupportedInterfaceOrientations_iPad = "UIInterfaceOrientationPortrait UIInterfaceOrientationPortraitUpsideDown UIInterfaceOrientationLandscapeLeft UIInterfaceOrientationLandscapeRight";
				INFOPLIST_KEY_UISupportedInterfaceOrientations_iPhone = "UIInterfaceOrientationPortrait UIInterfaceOrientationLandscapeLeft UIInterfaceOrientationLandscapeRight";
				IPHONEOS_DEPLOYMENT_TARGET = 16.4;
				LD_RUNPATH_SEARCH_PATHS = "@executable_path/Frameworks";
				"LD_RUNPATH_SEARCH_PATHS[sdk=macosx*]" = "@executable_path/../Frameworks";
				MACOSX_DEPLOYMENT_TARGET = 13.3;
				MARKETING_VERSION = 1.0;
				PRODUCT_BUNDLE_IDENTIFIER = com.yetsdmr.TaskManagementCoreDataSwiftUI;
				PRODUCT_NAME = "$(TARGET_NAME)";
				SDKROOT = auto;
				SUPPORTED_PLATFORMS = "iphoneos iphonesimulator macosx";
				SWIFT_EMIT_LOC_STRINGS = YES;
				SWIFT_VERSION = 5.0;
				TARGETED_DEVICE_FAMILY = "1,2";
			};
			name = Release;
		};
		4ADE57F629EF30C600CF9DE0 /* Debug */ = {
			isa = XCBuildConfiguration;
			buildSettings = {
				ALWAYS_EMBED_SWIFT_STANDARD_LIBRARIES = YES;
				BUNDLE_LOADER = "$(TEST_HOST)";
				CODE_SIGN_STYLE = Automatic;
				CURRENT_PROJECT_VERSION = 1;
				GENERATE_INFOPLIST_FILE = YES;
				IPHONEOS_DEPLOYMENT_TARGET = 16.4;
				MACOSX_DEPLOYMENT_TARGET = 13.3;
				MARKETING_VERSION = 1.0;
				PRODUCT_BUNDLE_IDENTIFIER = com.yetsdmr.TaskManagementCoreDataSwiftUITests;
				PRODUCT_NAME = "$(TARGET_NAME)";
				SDKROOT = auto;
				SUPPORTED_PLATFORMS = "iphoneos iphonesimulator macosx";
				SWIFT_EMIT_LOC_STRINGS = NO;
				SWIFT_VERSION = 5.0;
				TARGETED_DEVICE_FAMILY = "1,2";
				TEST_HOST = "$(BUILT_PRODUCTS_DIR)/TaskManagementCoreDataSwiftUI.app/$(BUNDLE_EXECUTABLE_FOLDER_PATH)/TaskManagementCoreDataSwiftUI";
			};
			name = Debug;
		};
		4ADE57F729EF30C600CF9DE0 /* Release */ = {
			isa = XCBuildConfiguration;
			buildSettings = {
				ALWAYS_EMBED_SWIFT_STANDARD_LIBRARIES = YES;
				BUNDLE_LOADER = "$(TEST_HOST)";
				CODE_SIGN_STYLE = Automatic;
				CURRENT_PROJECT_VERSION = 1;
				GENERATE_INFOPLIST_FILE = YES;
				IPHONEOS_DEPLOYMENT_TARGET = 16.4;
				MACOSX_DEPLOYMENT_TARGET = 13.3;
				MARKETING_VERSION = 1.0;
				PRODUCT_BUNDLE_IDENTIFIER = com.yetsdmr.TaskManagementCoreDataSwiftUITests;
				PRODUCT_NAME = "$(TARGET_NAME)";
				SDKROOT = auto;
				SUPPORTED_PLATFORMS = "iphoneos iphonesimulator macosx";
				SWIFT_EMIT_LOC_STRINGS = NO;
				SWIFT_VERSION = 5.0;
				TARGETED_DEVICE_FAMILY = "1,2";
				TEST_HOST = "$(BUILT_PRODUCTS_DIR)/TaskManagementCoreDataSwiftUI.app/$(BUNDLE_EXECUTABLE_FOLDER_PATH)/TaskManagementCoreDataSwiftUI";
			};
			name = Release;
		};
		4ADE57F929EF30C600CF9DE0 /* Debug */ = {
			isa = XCBuildConfiguration;
			buildSettings = {
				ALWAYS_EMBED_SWIFT_STANDARD_LIBRARIES = YES;
				CODE_SIGN_STYLE = Automatic;
				CURRENT_PROJECT_VERSION = 1;
				GENERATE_INFOPLIST_FILE = YES;
				IPHONEOS_DEPLOYMENT_TARGET = 16.4;
				MACOSX_DEPLOYMENT_TARGET = 13.3;
				MARKETING_VERSION = 1.0;
				PRODUCT_BUNDLE_IDENTIFIER = com.yetsdmr.TaskManagementCoreDataSwiftUIUITests;
				PRODUCT_NAME = "$(TARGET_NAME)";
				SDKROOT = auto;
				SUPPORTED_PLATFORMS = "iphoneos iphonesimulator macosx";
				SWIFT_EMIT_LOC_STRINGS = NO;
				SWIFT_VERSION = 5.0;
				TARGETED_DEVICE_FAMILY = "1,2";
				TEST_TARGET_NAME = TaskManagementCoreDataSwiftUI;
			};
			name = Debug;
		};
		4ADE57FA29EF30C600CF9DE0 /* Release */ = {
			isa = XCBuildConfiguration;
			buildSettings = {
				ALWAYS_EMBED_SWIFT_STANDARD_LIBRARIES = YES;
				CODE_SIGN_STYLE = Automatic;
				CURRENT_PROJECT_VERSION = 1;
				GENERATE_INFOPLIST_FILE = YES;
				IPHONEOS_DEPLOYMENT_TARGET = 16.4;
				MACOSX_DEPLOYMENT_TARGET = 13.3;
				MARKETING_VERSION = 1.0;
				PRODUCT_BUNDLE_IDENTIFIER = com.yetsdmr.TaskManagementCoreDataSwiftUIUITests;
				PRODUCT_NAME = "$(TARGET_NAME)";
				SDKROOT = auto;
				SUPPORTED_PLATFORMS = "iphoneos iphonesimulator macosx";
				SWIFT_EMIT_LOC_STRINGS = NO;
				SWIFT_VERSION = 5.0;
				TARGETED_DEVICE_FAMILY = "1,2";
				TEST_TARGET_NAME = TaskManagementCoreDataSwiftUI;
			};
			name = Release;
		};
/* End XCBuildConfiguration section */

/* Begin XCConfigurationList section */
		4ADE57C329EF30C400CF9DE0 /* Build configuration list for PBXProject "TaskManagementCoreDataSwiftUI" */ = {
			isa = XCConfigurationList;
			buildConfigurations = (
				4ADE57F029EF30C600CF9DE0 /* Debug */,
				4ADE57F129EF30C600CF9DE0 /* Release */,
			);
			defaultConfigurationIsVisible = 0;
			defaultConfigurationName = Release;
		};
		4ADE57F229EF30C600CF9DE0 /* Build configuration list for PBXNativeTarget "TaskManagementCoreDataSwiftUI" */ = {
			isa = XCConfigurationList;
			buildConfigurations = (
				4ADE57F329EF30C600CF9DE0 /* Debug */,
				4ADE57F429EF30C600CF9DE0 /* Release */,
			);
			defaultConfigurationIsVisible = 0;
			defaultConfigurationName = Release;
		};
		4ADE57F529EF30C600CF9DE0 /* Build configuration list for PBXNativeTarget "TaskManagementCoreDataSwiftUITests" */ = {
			isa = XCConfigurationList;
			buildConfigurations = (
				4ADE57F629EF30C600CF9DE0 /* Debug */,
				4ADE57F729EF30C600CF9DE0 /* Release */,
			);
			defaultConfigurationIsVisible = 0;
			defaultConfigurationName = Release;
		};
		4ADE57F829EF30C600CF9DE0 /* Build configuration list for PBXNativeTarget "TaskManagementCoreDataSwiftUIUITests" */ = {
			isa = XCConfigurationList;
			buildConfigurations = (
				4ADE57F929EF30C600CF9DE0 /* Debug */,
				4ADE57FA29EF30C600CF9DE0 /* Release */,
			);
			defaultConfigurationIsVisible = 0;
			defaultConfigurationName = Release;
		};
/* End XCConfigurationList section */

/* Begin XCVersionGroup section */
		4ADE57CF29EF30C400CF9DE0 /* TaskManagementCoreDataSwiftUI.xcdatamodeld */ = {
			isa = XCVersionGroup;
			children = (
				4ADE57D029EF30C400CF9DE0 /* TaskManagementCoreDataSwiftUI.xcdatamodel */,
			);
			currentVersion = 4ADE57D029EF30C400CF9DE0 /* TaskManagementCoreDataSwiftUI.xcdatamodel */;
			path = TaskManagementCoreDataSwiftUI.xcdatamodeld;
			sourceTree = "<group>";
			versionGroupType = wrapper.xcdatamodel;
		};
/* End XCVersionGroup section */
	};
	rootObject = 4ADE57C029EF30C400CF9DE0 /* Project object */;
}
